
Microsoft Visual Studio Solution File, Format Version 12.00
# Visual Studio Version 16
VisualStudioVersion = 16.0.810.22
MinimumVisualStudioVersion = 10.0.40219.1
Project("{FAE04EC0-301F-11D3-BF4B-00C04F79EFBC}") = "src", "src\src.csproj", "{9AC75C96-247A-4580-8898-AD0333C27292}"
EndProject
Project("{FAE04EC0-301F-11D3-BF4B-00C04F79EFBC}") = "test", "test\test.csproj", "{7E16F25C-FFC7-4AF6-A08E-7D0B4271C6D9}"
EndProject
Global
	GlobalSection(SolutionConfigurationPlatforms) = preSolution
		Debug|Any CPU = Debug|Any CPU
		Release|Any CPU = Release|Any CPU
	EndGlobalSection
	GlobalSection(ProjectConfigurationPlatforms) = postSolution
		{9AC75C96-247A-4580-8898-AD0333C27292}.Debug|Any CPU.ActiveCfg = Debug|Any CPU
		{9AC75C96-247A-4580-8898-AD0333C27292}.Debug|Any CPU.Build.0 = Debug|Any CPU
		{9AC75C96-247A-4580-8898-AD0333C27292}.Release|Any CPU.ActiveCfg = Release|Any CPU
		{9AC75C96-247A-4580-8898-AD0333C27292}.Release|Any CPU.Build.0 = Release|Any CPU
		{7E16F25C-FFC7-4AF6-A08E-7D0B4271C6D9}.Debug|Any CPU.ActiveCfg = Debug|Any CPU
		{7E16F25C-FFC7-4AF6-A08E-7D0B4271C6D9}.Debug|Any CPU.Build.0 = Debug|Any CPU
		{7E16F25C-FFC7-4AF6-A08E-7D0B4271C6D9}.Release|Any CPU.ActiveCfg = Release|Any CPU
		{7E16F25C-FFC7-4AF6-A08E-7D0B4271C6D9}.Release|Any CPU.Build.0 = Release|Any CPU
	EndGlobalSection
	GlobalSection(SolutionProperties) = preSolution
		HideSolutionNode = FALSE
	EndGlobalSection
	GlobalSection(ExtensibilityGlobals) = postSolution
		SolutionGuid = {848EFED9-2B98-43E8-A6C1-FD43066C1AFA}
	EndGlobalSection
EndGlobal
